{
  "name": "pi-extensions",
  "lockfileVersion": 3,
  "requires": true,
  "packages": {
    "": {
      "name": "pi-extensions",
      "dependencies": {
        "@mjakl/pi-subagent": "^2.1.0",
        "pi-observational-memory": "^3.0.2"
      }
    },
    "node_modules/@mjakl/pi-subagent": {
      "version": "2.1.0",
      "resolved": "https://registry.npmjs.org/@mjakl/pi-subagent/-/pi-subagent-2.1.0.tgz",
      "integrity": "sha512-Zz+s05ODj9rrwMFb2h226NAQQSAnF/xdJTZnsDhHd+S8ckpn/t5JT4f6Vux7IZODryXyRQoJb5KEoap05KvRpg==",
      "license": "MIT",
      "peerDependencies": {
        "@earendil-works/pi-agent-core": "*",
        "@earendil-works/pi-ai": "*",
        "@earendil-works/pi-coding-agent": "*",
        "@earendil-works/pi-tui": "*",
        "typebox": "*"
      },
      "peerDependenciesMeta": {
        "@earendil-works/pi-agent-core": {
          "optional": true
        },
        "@earendil-works/pi-ai": {
          "optional": true
        },
        "@earendil-works/pi-coding-agent": {
          "optional": true
        },
        "@earendil-works/pi-tui": {
          "optional": true
        },
        "typebox": {
          "optional": true
        }
      }
    },
    "node_modules/pi-observational-memory": {
      "version": "3.0.2",
      "resolved": "https://registry.npmjs.org/pi-observational-memory/-/pi-observational-memory-3.0.2.tgz",
      "integrity": "sha512-uwiZeQVqa/NZ0rGrxFFH9uEopPfNO8R36pmEiv/IybRXCy1FwDgmxeAB/HDd50Eo2UL7yFZbc2Qx/X6OHo3rEw==",
      "license": "MIT",
      "peerDependencies": {
        "@earendil-works/pi-agent-core": "*",
        "@earendil-works/pi-ai": "*",
        "@earendil-works/pi-coding-agent": "*",
        "@earendil-works/pi-tui": "*"
      }
    }
  }
}
